<?xml version="1.0" encoding="utf-8"?>
<Project ToolsVersion="4.0" xmlns="http://schemas.microsoft.com/developer/msbuild/2003">
  <ItemGroup>
    <Filter Include="Quelldateien">
      <UniqueIdentifier>{4FC737F1-C7A5-4376-A066-2A32D752A2FF}</UniqueIdentifier>
      <Extensions>cpp;c;cc;cxx;c++;cppm;ixx;def;odl;idl;hpj;bat;asm;asmx</Extensions>
    </Filter>
    <Filter Include="Headerdateien">
      <UniqueIdentifier>{93995380-89BD-4b04-88EB-625FBE52EBFB}</UniqueIdentifier>
      <Extensions>h;hh;hpp;hxx;h++;hm;inl;inc;ipp;xsd</Extensions>
    </Filter>
    <Filter Include="Ressourcendateien">
      <UniqueIdentifier>{67DA6AB6-F800-4c08-8B7A-83BB121AAD01}</UniqueIdentifier>
      <Extensions>rc;ico;cur;bmp;dlg;rc2;rct;bin;rgs;gif;jpg;jpeg;jpe;resx;tiff;tif;png;wav;mfcribbon-ms</Extensions>
    </Filter>
    <Filter Include="games">
      <UniqueIdentifier>{a16f1583-55ea-4431-8966-24eb86ee3ff0}</UniqueIdentifier>
    </Filter>
    <Filter Include="clients">
      <UniqueIdentifier>{ff29335a-275f-4cf9-9df1-46bec2eb7de4}</UniqueIdentifier>
    </Filter>
    <Filter Include="games\takegame">
      <UniqueIdentifier>{de429a86-9145-479b-b671-80b015fce708}</UniqueIdentifier>
    </Filter>
    <Filter Include="writer">
      <UniqueIdentifier>{f3c6df21-42b1-4e76-90db-73d01be0d557}</UniqueIdentifier>
    </Filter>
    <Filter Include="games\takegame\takegame_player">
      <UniqueIdentifier>{119eb596-1c8c-43b1-976f-57feb0e10cd2}</UniqueIdentifier>
    </Filter>
    <Filter Include="games\players">
      <UniqueIdentifier>{e69baa2a-0542-4b9a-b6da-3b39b5da7d38}</UniqueIdentifier>
    </Filter>
  </ItemGroup>
  <ItemGroup>
    <ClCompile Include="Nimmspiel.cpp">
      <Filter>Quelldateien</Filter>
    </ClCompile>
    <ClCompile Include="game_client.cpp">
      <Filter>Quelldateien</Filter>
    </ClCompile>
    <ClCompile Include="consolen_writer.cpp">
      <Filter>Quelldateien</Filter>
    </ClCompile>
  </ItemGroup>
  <ItemGroup>
    <ClInclude Include="game.h">
      <Filter>games</Filter>
    </ClInclude>
    <ClInclude Include="game_client.h">
      <Filter>clients</Filter>
    </ClInclude>
    <ClInclude Include="takegame_impl.h">
      <Filter>games\takegame</Filter>
    </ClInclude>
    <ClInclude Include="human_player.h">
      <Filter>games\takegame\takegame_player</Filter>
    </ClInclude>
    <ClInclude Include="computer_player.h">
      <Filter>games\takegame\takegame_player</Filter>
    </ClInclude>
    <ClInclude Include="abstract_takegame_player.h">
      <Filter>games\takegame\takegame_player</Filter>
    </ClInclude>
    <ClInclude Include="player.h">
      <Filter>games\players</Filter>
    </ClInclude>
    <ClInclude Include="abstrcat_player.h">
      <Filter>games\players</Filter>
    </ClInclude>
    <ClInclude Include="AbstractGame.h">
      <Filter>games</Filter>
    </ClInclude>
    <ClInclude Include="writer.h">
      <Filter>writer</Filter>
    </ClInclude>
    <ClInclude Include="consolen_writer.h">
      <Filter>Headerdateien</Filter>
    </ClInclude>
  </ItemGroup>
</Project>