
Microsoft Visual Studio Solution File, Format Version 12.00
# Visual Studio Version 16
VisualStudioVersion = 16.0.32228.343
MinimumVisualStudioVersion = 10.0.40219.1
Project("{8BC9CEB8-8B4A-11D0-8D11-00A0C91BC942}") = "Tag2_01Logger", "Tag2_01Logger\Tag2_01Logger.vcxproj", "{F30CE9E1-C5C4-4FDE-A74A-BE6F47F675D0}"
EndProject
Global
	GlobalSection(SolutionConfigurationPlatforms) = preSolution
		Debug|x64 = Debug|x64
		Debug|x86 = Debug|x86
		Release|x64 = Release|x64
		Release|x86 = Release|x86
	EndGlobalSection
	GlobalSection(ProjectConfigurationPlatforms) = postSolution
		{F30CE9E1-C5C4-4FDE-A74A-BE6F47F675D0}.Debug|x64.ActiveCfg = Debug|x64
		{F30CE9E1-C5C4-4FDE-A74A-BE6F47F675D0}.Debug|x64.Build.0 = Debug|x64
		{F30CE9E1-C5C4-4FDE-A74A-BE6F47F675D0}.Debug|x86.ActiveCfg = Debug|Win32
		{F30CE9E1-C5C4-4FDE-A74A-BE6F47F675D0}.Debug|x86.Build.0 = Debug|Win32
		{F30CE9E1-C5C4-4FDE-A74A-BE6F47F675D0}.Release|x64.ActiveCfg = Release|x64
		{F30CE9E1-C5C4-4FDE-A74A-BE6F47F675D0}.Release|x64.Build.0 = Release|x64
		{F30CE9E1-C5C4-4FDE-A74A-BE6F47F675D0}.Release|x86.ActiveCfg = Release|Win32
		{F30CE9E1-C5C4-4FDE-A74A-BE6F47F675D0}.Release|x86.Build.0 = Release|Win32
	EndGlobalSection
	GlobalSection(SolutionProperties) = preSolution
		HideSolutionNode = FALSE
	EndGlobalSection
	GlobalSection(ExtensibilityGlobals) = postSolution
		SolutionGuid = {44B69ED9-E793-4E56-8287-99CC28D2F609}
	EndGlobalSection
EndGlobal
